
Microsoft Visual Studio Solution File, Format Version 12.00
# Visual Studio Version 17
VisualStudioVersion = 17.0.31903.59
MinimumVisualStudioVersion = 10.0.40219.1
Project("{2150E333-8FDC-42A3-9474-1A3956D46DE8}") = "src", "src", "{E9520B49-3707-41B6-9140-F5AEB9492D09}"
	ProjectSection(SolutionItems) = preProject
		docker-compose.yaml = docker-compose.yaml
	EndProjectSection
EndProject
Project("{FAE04EC0-301F-11D3-BF4B-00C04F79EFBC}") = "AuctionService", "src\AuctionService\AuctionService.csproj", "{F6930B2A-BCE2-4041-B38A-37776A42FF9A}"
EndProject
Project("{FAE04EC0-301F-11D3-BF4B-00C04F79EFBC}") = "SearchService", "src\SearchService\SearchService.csproj", "{955CAE30-56FC-457A-ABE9-A8889A20481A}"
EndProject
Project("{FAE04EC0-301F-11D3-BF4B-00C04F79EFBC}") = "Contracts", "src\Contracts\Contracts.csproj", "{8E641C8C-64ED-4F67-9518-77473842FA61}"
EndProject
Project("{FAE04EC0-301F-11D3-BF4B-00C04F79EFBC}") = "IdentityService", "src\IdentityService\IdentityService.csproj", "{FBD7EE5D-3F6E-430E-8F4C-A15C7C0198B5}"
EndProject
Project("{FAE04EC0-301F-11D3-BF4B-00C04F79EFBC}") = "GatewayService", "src\GatewayService\GatewayService.csproj", "{894B6283-0985-4DD8-B9F4-461C047DD9AF}"
EndProject
Project("{FAE04EC0-301F-11D3-BF4B-00C04F79EFBC}") = "BiddingService", "src\BiddingService\BiddingService.csproj", "{4E6B6833-11F3-4BD1-8C69-9C45B3C3664C}"
EndProject
Project("{FAE04EC0-301F-11D3-BF4B-00C04F79EFBC}") = "NotificationService", "src\NotificationService\NotificationService.csproj", "{C1DE99EB-2AFF-4F01-A8B7-33D48D2F7CF3}"
EndProject
Global
	GlobalSection(SolutionConfigurationPlatforms) = preSolution
		Debug|Any CPU = Debug|Any CPU
		Release|Any CPU = Release|Any CPU
	EndGlobalSection
	GlobalSection(ProjectConfigurationPlatforms) = postSolution
		{F6930B2A-BCE2-4041-B38A-37776A42FF9A}.Debug|Any CPU.ActiveCfg = Debug|Any CPU
		{F6930B2A-BCE2-4041-B38A-37776A42FF9A}.Debug|Any CPU.Build.0 = Debug|Any CPU
		{F6930B2A-BCE2-4041-B38A-37776A42FF9A}.Release|Any CPU.ActiveCfg = Release|Any CPU
		{F6930B2A-BCE2-4041-B38A-37776A42FF9A}.Release|Any CPU.Build.0 = Release|Any CPU
		{955CAE30-56FC-457A-ABE9-A8889A20481A}.Debug|Any CPU.ActiveCfg = Debug|Any CPU
		{955CAE30-56FC-457A-ABE9-A8889A20481A}.Debug|Any CPU.Build.0 = Debug|Any CPU
		{955CAE30-56FC-457A-ABE9-A8889A20481A}.Release|Any CPU.ActiveCfg = Release|Any CPU
		{955CAE30-56FC-457A-ABE9-A8889A20481A}.Release|Any CPU.Build.0 = Release|Any CPU
		{8E641C8C-64ED-4F67-9518-77473842FA61}.Debug|Any CPU.ActiveCfg = Debug|Any CPU
		{8E641C8C-64ED-4F67-9518-77473842FA61}.Debug|Any CPU.Build.0 = Debug|Any CPU
		{8E641C8C-64ED-4F67-9518-77473842FA61}.Release|Any CPU.ActiveCfg = Release|Any CPU
		{8E641C8C-64ED-4F67-9518-77473842FA61}.Release|Any CPU.Build.0 = Release|Any CPU
		{FBD7EE5D-3F6E-430E-8F4C-A15C7C0198B5}.Debug|Any CPU.ActiveCfg = Debug|Any CPU
		{FBD7EE5D-3F6E-430E-8F4C-A15C7C0198B5}.Debug|Any CPU.Build.0 = Debug|Any CPU
		{FBD7EE5D-3F6E-430E-8F4C-A15C7C0198B5}.Release|Any CPU.ActiveCfg = Release|Any CPU
		{FBD7EE5D-3F6E-430E-8F4C-A15C7C0198B5}.Release|Any CPU.Build.0 = Release|Any CPU
		{894B6283-0985-4DD8-B9F4-461C047DD9AF}.Debug|Any CPU.ActiveCfg = Debug|Any CPU
		{894B6283-0985-4DD8-B9F4-461C047DD9AF}.Debug|Any CPU.Build.0 = Debug|Any CPU
		{894B6283-0985-4DD8-B9F4-461C047DD9AF}.Release|Any CPU.ActiveCfg = Release|Any CPU
		{894B6283-0985-4DD8-B9F4-461C047DD9AF}.Release|Any CPU.Build.0 = Release|Any CPU
		{4E6B6833-11F3-4BD1-8C69-9C45B3C3664C}.Debug|Any CPU.ActiveCfg = Debug|Any CPU
		{4E6B6833-11F3-4BD1-8C69-9C45B3C3664C}.Debug|Any CPU.Build.0 = Debug|Any CPU
		{4E6B6833-11F3-4BD1-8C69-9C45B3C3664C}.Release|Any CPU.ActiveCfg = Release|Any CPU
		{4E6B6833-11F3-4BD1-8C69-9C45B3C3664C}.Release|Any CPU.Build.0 = Release|Any CPU
		{C1DE99EB-2AFF-4F01-A8B7-33D48D2F7CF3}.Debug|Any CPU.ActiveCfg = Debug|Any CPU
		{C1DE99EB-2AFF-4F01-A8B7-33D48D2F7CF3}.Debug|Any CPU.Build.0 = Debug|Any CPU
		{C1DE99EB-2AFF-4F01-A8B7-33D48D2F7CF3}.Release|Any CPU.ActiveCfg = Release|Any CPU
		{C1DE99EB-2AFF-4F01-A8B7-33D48D2F7CF3}.Release|Any CPU.Build.0 = Release|Any CPU
	EndGlobalSection
	GlobalSection(SolutionProperties) = preSolution
		HideSolutionNode = FALSE
	EndGlobalSection
	GlobalSection(NestedProjects) = preSolution
		{F6930B2A-BCE2-4041-B38A-37776A42FF9A} = {E9520B49-3707-41B6-9140-F5AEB9492D09}
		{955CAE30-56FC-457A-ABE9-A8889A20481A} = {E9520B49-3707-41B6-9140-F5AEB9492D09}
		{8E641C8C-64ED-4F67-9518-77473842FA61} = {E9520B49-3707-41B6-9140-F5AEB9492D09}
		{FBD7EE5D-3F6E-430E-8F4C-A15C7C0198B5} = {E9520B49-3707-41B6-9140-F5AEB9492D09}
		{894B6283-0985-4DD8-B9F4-461C047DD9AF} = {E9520B49-3707-41B6-9140-F5AEB9492D09}
		{4E6B6833-11F3-4BD1-8C69-9C45B3C3664C} = {E9520B49-3707-41B6-9140-F5AEB9492D09}
		{C1DE99EB-2AFF-4F01-A8B7-33D48D2F7CF3} = {E9520B49-3707-41B6-9140-F5AEB9492D09}
	EndGlobalSection
EndGlobal
